
Microsoft Visual Studio Solution File, Format Version 12.00
# Visual Studio Version 17
VisualStudioVersion = 17.0.31903.59
MinimumVisualStudioVersion = 10.0.40219.1
Project("{FAE04EC0-301F-11D3-BF4B-00C04F79EFBC}") = "api", "api\api.csproj", "{832AC816-E3F9-4FDD-808A-1D0BA1B5A9FC}"
EndProject
Project("{FAE04EC0-301F-11D3-BF4B-00C04F79EFBC}") = "blazor", "blazor\blazor.csproj", "{A5CDCFB3-F26D-450F-9014-87832900CC44}"
EndProject
Project("{FAE04EC0-301F-11D3-BF4B-00C04F79EFBC}") = "empty", "empty\empty.csproj", "{7F1C243E-9481-4C52-A687-63B353719494}"
EndProject
Project("{FAE04EC0-301F-11D3-BF4B-00C04F79EFBC}") = "mvc", "mvc\mvc.csproj", "{73B31ABF-6D6F-4397-8A90-D7198AC3DED1}"
EndProject
Project("{FAE04EC0-301F-11D3-BF4B-00C04F79EFBC}") = "razor", "razor\razor.csproj", "{2B5573B1-514E-4CCC-BEB1-23DA8BD8759E}"
EndProject
Project("{FAE04EC0-301F-11D3-BF4B-00C04F79EFBC}") = "blazorserver", "blazorserver\blazorserver.csproj", "{F941B855-C42D-4B56-8471-18CD804E533A}"
EndProject
Project("{FAE04EC0-301F-11D3-BF4B-00C04F79EFBC}") = "blazorwebassembly", "blazorwebassembly\blazorwebassembly.csproj", "{1384A7DB-FC27-4E3E-A27A-F524860B5B7A}"
EndProject
Project("{2150E333-8FDC-42A3-9474-1A3956D46DE8}") = "1-Empty", "1-Empty", "{02EA681E-C7D8-13C7-8484-4AC65E1B71E8}"
EndProject
Project("{2150E333-8FDC-42A3-9474-1A3956D46DE8}") = "3-Empty", "3-Empty", "{93964528-7CDD-4596-B33B-A6201D26F4B6}"
EndProject
Project("{2150E333-8FDC-42A3-9474-1A3956D46DE8}") = "2-MVC", "2-MVC", "{C87A3D5F-1EE9-485C-BFEA-8170619A0687}"
EndProject
Project("{2150E333-8FDC-42A3-9474-1A3956D46DE8}") = "4-Razor", "4-Razor", "{2E9B61BE-0AE8-4478-B6D7-2315DD3DF937}"
EndProject
Project("{2150E333-8FDC-42A3-9474-1A3956D46DE8}") = "5-Blazor", "5-Blazor", "{152A7728-3A14-4AD2-AF24-71C508AB6EF5}"
EndProject
Global
	GlobalSection(SolutionConfigurationPlatforms) = preSolution
		Debug|Any CPU = Debug|Any CPU
		Debug|x64 = Debug|x64
		Debug|x86 = Debug|x86
		Release|Any CPU = Release|Any CPU
		Release|x64 = Release|x64
		Release|x86 = Release|x86
	EndGlobalSection
	GlobalSection(ProjectConfigurationPlatforms) = postSolution
		{832AC816-E3F9-4FDD-808A-1D0BA1B5A9FC}.Debug|Any CPU.ActiveCfg = Debug|Any CPU
		{832AC816-E3F9-4FDD-808A-1D0BA1B5A9FC}.Debug|Any CPU.Build.0 = Debug|Any CPU
		{832AC816-E3F9-4FDD-808A-1D0BA1B5A9FC}.Debug|x64.ActiveCfg = Debug|Any CPU
		{832AC816-E3F9-4FDD-808A-1D0BA1B5A9FC}.Debug|x64.Build.0 = Debug|Any CPU
		{832AC816-E3F9-4FDD-808A-1D0BA1B5A9FC}.Debug|x86.ActiveCfg = Debug|Any CPU
		{832AC816-E3F9-4FDD-808A-1D0BA1B5A9FC}.Debug|x86.Build.0 = Debug|Any CPU
		{832AC816-E3F9-4FDD-808A-1D0BA1B5A9FC}.Release|Any CPU.ActiveCfg = Release|Any CPU
		{832AC816-E3F9-4FDD-808A-1D0BA1B5A9FC}.Release|Any CPU.Build.0 = Release|Any CPU
		{832AC816-E3F9-4FDD-808A-1D0BA1B5A9FC}.Release|x64.ActiveCfg = Release|Any CPU
		{832AC816-E3F9-4FDD-808A-1D0BA1B5A9FC}.Release|x64.Build.0 = Release|Any CPU
		{832AC816-E3F9-4FDD-808A-1D0BA1B5A9FC}.Release|x86.ActiveCfg = Release|Any CPU
		{832AC816-E3F9-4FDD-808A-1D0BA1B5A9FC}.Release|x86.Build.0 = Release|Any CPU
		{A5CDCFB3-F26D-450F-9014-87832900CC44}.Debug|Any CPU.ActiveCfg = Debug|Any CPU
		{A5CDCFB3-F26D-450F-9014-87832900CC44}.Debug|Any CPU.Build.0 = Debug|Any CPU
		{A5CDCFB3-F26D-450F-9014-87832900CC44}.Debug|x64.ActiveCfg = Debug|Any CPU
		{A5CDCFB3-F26D-450F-9014-87832900CC44}.Debug|x64.Build.0 = Debug|Any CPU
		{A5CDCFB3-F26D-450F-9014-87832900CC44}.Debug|x86.ActiveCfg = Debug|Any CPU
		{A5CDCFB3-F26D-450F-9014-87832900CC44}.Debug|x86.Build.0 = Debug|Any CPU
		{A5CDCFB3-F26D-450F-9014-87832900CC44}.Release|Any CPU.ActiveCfg = Release|Any CPU
		{A5CDCFB3-F26D-450F-9014-87832900CC44}.Release|Any CPU.Build.0 = Release|Any CPU
		{A5CDCFB3-F26D-450F-9014-87832900CC44}.Release|x64.ActiveCfg = Release|Any CPU
		{A5CDCFB3-F26D-450F-9014-87832900CC44}.Release|x64.Build.0 = Release|Any CPU
		{A5CDCFB3-F26D-450F-9014-87832900CC44}.Release|x86.ActiveCfg = Release|Any CPU
		{A5CDCFB3-F26D-450F-9014-87832900CC44}.Release|x86.Build.0 = Release|Any CPU
		{7F1C243E-9481-4C52-A687-63B353719494}.Debug|Any CPU.ActiveCfg = Debug|Any CPU
		{7F1C243E-9481-4C52-A687-63B353719494}.Debug|Any CPU.Build.0 = Debug|Any CPU
		{7F1C243E-9481-4C52-A687-63B353719494}.Debug|x64.ActiveCfg = Debug|Any CPU
		{7F1C243E-9481-4C52-A687-63B353719494}.Debug|x64.Build.0 = Debug|Any CPU
		{7F1C243E-9481-4C52-A687-63B353719494}.Debug|x86.ActiveCfg = Debug|Any CPU
		{7F1C243E-9481-4C52-A687-63B353719494}.Debug|x86.Build.0 = Debug|Any CPU
		{7F1C243E-9481-4C52-A687-63B353719494}.Release|Any CPU.ActiveCfg = Release|Any CPU
		{7F1C243E-9481-4C52-A687-63B353719494}.Release|Any CPU.Build.0 = Release|Any CPU
		{7F1C243E-9481-4C52-A687-63B353719494}.Release|x64.ActiveCfg = Release|Any CPU
		{7F1C243E-9481-4C52-A687-63B353719494}.Release|x64.Build.0 = Release|Any CPU
		{7F1C243E-9481-4C52-A687-63B353719494}.Release|x86.ActiveCfg = Release|Any CPU
		{7F1C243E-9481-4C52-A687-63B353719494}.Release|x86.Build.0 = Release|Any CPU
		{73B31ABF-6D6F-4397-8A90-D7198AC3DED1}.Debug|Any CPU.ActiveCfg = Debug|Any CPU
		{73B31ABF-6D6F-4397-8A90-D7198AC3DED1}.Debug|Any CPU.Build.0 = Debug|Any CPU
		{73B31ABF-6D6F-4397-8A90-D7198AC3DED1}.Debug|x64.ActiveCfg = Debug|Any CPU
		{73B31ABF-6D6F-4397-8A90-D7198AC3DED1}.Debug|x64.Build.0 = Debug|Any CPU
		{73B31ABF-6D6F-4397-8A90-D7198AC3DED1}.Debug|x86.ActiveCfg = Debug|Any CPU
		{73B31ABF-6D6F-4397-8A90-D7198AC3DED1}.Debug|x86.Build.0 = Debug|Any CPU
		{73B31ABF-6D6F-4397-8A90-D7198AC3DED1}.Release|Any CPU.ActiveCfg = Release|Any CPU
		{73B31ABF-6D6F-4397-8A90-D7198AC3DED1}.Release|Any CPU.Build.0 = Release|Any CPU
		{73B31ABF-6D6F-4397-8A90-D7198AC3DED1}.Release|x64.ActiveCfg = Release|Any CPU
		{73B31ABF-6D6F-4397-8A90-D7198AC3DED1}.Release|x64.Build.0 = Release|Any CPU
		{73B31ABF-6D6F-4397-8A90-D7198AC3DED1}.Release|x86.ActiveCfg = Release|Any CPU
		{73B31ABF-6D6F-4397-8A90-D7198AC3DED1}.Release|x86.Build.0 = Release|Any CPU
		{2B5573B1-514E-4CCC-BEB1-23DA8BD8759E}.Debug|Any CPU.ActiveCfg = Debug|Any CPU
		{2B5573B1-514E-4CCC-BEB1-23DA8BD8759E}.Debug|Any CPU.Build.0 = Debug|Any CPU
		{2B5573B1-514E-4CCC-BEB1-23DA8BD8759E}.Debug|x64.ActiveCfg = Debug|Any CPU
		{2B5573B1-514E-4CCC-BEB1-23DA8BD8759E}.Debug|x64.Build.0 = Debug|Any CPU
		{2B5573B1-514E-4CCC-BEB1-23DA8BD8759E}.Debug|x86.ActiveCfg = Debug|Any CPU
		{2B5573B1-514E-4CCC-BEB1-23DA8BD8759E}.Debug|x86.Build.0 = Debug|Any CPU
		{2B5573B1-514E-4CCC-BEB1-23DA8BD8759E}.Release|Any CPU.ActiveCfg = Release|Any CPU
		{2B5573B1-514E-4CCC-BEB1-23DA8BD8759E}.Release|Any CPU.Build.0 = Release|Any CPU
		{2B5573B1-514E-4CCC-BEB1-23DA8BD8759E}.Release|x64.ActiveCfg = Release|Any CPU
		{2B5573B1-514E-4CCC-BEB1-23DA8BD8759E}.Release|x64.Build.0 = Release|Any CPU
		{2B5573B1-514E-4CCC-BEB1-23DA8BD8759E}.Release|x86.ActiveCfg = Release|Any CPU
		{2B5573B1-514E-4CCC-BEB1-23DA8BD8759E}.Release|x86.Build.0 = Release|Any CPU
		{F941B855-C42D-4B56-8471-18CD804E533A}.Debug|Any CPU.ActiveCfg = Debug|Any CPU
		{F941B855-C42D-4B56-8471-18CD804E533A}.Debug|Any CPU.Build.0 = Debug|Any CPU
		{F941B855-C42D-4B56-8471-18CD804E533A}.Debug|x64.ActiveCfg = Debug|Any CPU
		{F941B855-C42D-4B56-8471-18CD804E533A}.Debug|x64.Build.0 = Debug|Any CPU
		{F941B855-C42D-4B56-8471-18CD804E533A}.Debug|x86.ActiveCfg = Debug|Any CPU
		{F941B855-C42D-4B56-8471-18CD804E533A}.Debug|x86.Build.0 = Debug|Any CPU
		{F941B855-C42D-4B56-8471-18CD804E533A}.Release|Any CPU.ActiveCfg = Release|Any CPU
		{F941B855-C42D-4B56-8471-18CD804E533A}.Release|Any CPU.Build.0 = Release|Any CPU
		{F941B855-C42D-4B56-8471-18CD804E533A}.Release|x64.ActiveCfg = Release|Any CPU
		{F941B855-C42D-4B56-8471-18CD804E533A}.Release|x64.Build.0 = Release|Any CPU
		{F941B855-C42D-4B56-8471-18CD804E533A}.Release|x86.ActiveCfg = Release|Any CPU
		{F941B855-C42D-4B56-8471-18CD804E533A}.Release|x86.Build.0 = Release|Any CPU
		{1384A7DB-FC27-4E3E-A27A-F524860B5B7A}.Debug|Any CPU.ActiveCfg = Debug|Any CPU
		{1384A7DB-FC27-4E3E-A27A-F524860B5B7A}.Debug|Any CPU.Build.0 = Debug|Any CPU
		{1384A7DB-FC27-4E3E-A27A-F524860B5B7A}.Debug|x64.ActiveCfg = Debug|Any CPU
		{1384A7DB-FC27-4E3E-A27A-F524860B5B7A}.Debug|x64.Build.0 = Debug|Any CPU
		{1384A7DB-FC27-4E3E-A27A-F524860B5B7A}.Debug|x86.ActiveCfg = Debug|Any CPU
		{1384A7DB-FC27-4E3E-A27A-F524860B5B7A}.Debug|x86.Build.0 = Debug|Any CPU
		{1384A7DB-FC27-4E3E-A27A-F524860B5B7A}.Release|Any CPU.ActiveCfg = Release|Any CPU
		{1384A7DB-FC27-4E3E-A27A-F524860B5B7A}.Release|Any CPU.Build.0 = Release|Any CPU
		{1384A7DB-FC27-4E3E-A27A-F524860B5B7A}.Release|x64.ActiveCfg = Release|Any CPU
		{1384A7DB-FC27-4E3E-A27A-F524860B5B7A}.Release|x64.Build.0 = Release|Any CPU
		{1384A7DB-FC27-4E3E-A27A-F524860B5B7A}.Release|x86.ActiveCfg = Release|Any CPU
		{1384A7DB-FC27-4E3E-A27A-F524860B5B7A}.Release|x86.Build.0 = Release|Any CPU
	EndGlobalSection
	GlobalSection(SolutionProperties) = preSolution
		HideSolutionNode = FALSE
	EndGlobalSection
	GlobalSection(NestedProjects) = preSolution
		{832AC816-E3F9-4FDD-808A-1D0BA1B5A9FC} = {02EA681E-C7D8-13C7-8484-4AC65E1B71E8}
		{A5CDCFB3-F26D-450F-9014-87832900CC44} = {152A7728-3A14-4AD2-AF24-71C508AB6EF5}
		{7F1C243E-9481-4C52-A687-63B353719494} = {93964528-7CDD-4596-B33B-A6201D26F4B6}
		{73B31ABF-6D6F-4397-8A90-D7198AC3DED1} = {C87A3D5F-1EE9-485C-BFEA-8170619A0687}
		{2B5573B1-514E-4CCC-BEB1-23DA8BD8759E} = {2E9B61BE-0AE8-4478-B6D7-2315DD3DF937}
		{F941B855-C42D-4B56-8471-18CD804E533A} = {152A7728-3A14-4AD2-AF24-71C508AB6EF5}
		{1384A7DB-FC27-4E3E-A27A-F524860B5B7A} = {152A7728-3A14-4AD2-AF24-71C508AB6EF5}
	EndGlobalSection
	GlobalSection(ExtensibilityGlobals) = postSolution
		SolutionGuid = {F4FE1D1F-04F0-4DE8-BF32-E2322B03E509}
	EndGlobalSection
EndGlobal
